
Microsoft Visual Studio Solution File, Format Version 12.00
# Visual Studio Version 16
VisualStudioVersion = 16.0.31205.134
MinimumVisualStudioVersion = 10.0.40219.1
Project("{FAE04EC0-301F-11D3-BF4B-00C04F79EFBC}") = "Day4_1", "Day4_1\Day4_1.csproj", "{ED9C517A-1FF8-4829-8679-C5F54B2B6C7A}"
EndProject
Global
	GlobalSection(SolutionConfigurationPlatforms) = preSolution
		Debug|Any CPU = Debug|Any CPU
		Release|Any CPU = Release|Any CPU
	EndGlobalSection
	GlobalSection(ProjectConfigurationPlatforms) = postSolution
		{ED9C517A-1FF8-4829-8679-C5F54B2B6C7A}.Debug|Any CPU.ActiveCfg = Debug|Any CPU
		{ED9C517A-1FF8-4829-8679-C5F54B2B6C7A}.Debug|Any CPU.Build.0 = Debug|Any CPU
		{ED9C517A-1FF8-4829-8679-C5F54B2B6C7A}.Release|Any CPU.ActiveCfg = Release|Any CPU
		{ED9C517A-1FF8-4829-8679-C5F54B2B6C7A}.Release|Any CPU.Build.0 = Release|Any CPU
	EndGlobalSection
	GlobalSection(SolutionProperties) = preSolution
		HideSolutionNode = FALSE
	EndGlobalSection
	GlobalSection(ExtensibilityGlobals) = postSolution
		SolutionGuid = {7F755E3F-5432-4FE3-B27D-408EE2E3C4A5}
	EndGlobalSection
EndGlobal
