
Microsoft Visual Studio Solution File, Format Version 12.00
# Visual Studio Version 16
VisualStudioVersion = 16.0.31205.134
MinimumVisualStudioVersion = 10.0.40219.1
Project("{FAE04EC0-301F-11D3-BF4B-00C04F79EFBC}") = "Short_test_01", "Short_test_01\Short_test_01.csproj", "{8550E378-229B-4F88-BBC4-A41C5FB0049F}"
EndProject
Global
	GlobalSection(SolutionConfigurationPlatforms) = preSolution
		Debug|Any CPU = Debug|Any CPU
		Release|Any CPU = Release|Any CPU
	EndGlobalSection
	GlobalSection(ProjectConfigurationPlatforms) = postSolution
		{8550E378-229B-4F88-BBC4-A41C5FB0049F}.Debug|Any CPU.ActiveCfg = Debug|Any CPU
		{8550E378-229B-4F88-BBC4-A41C5FB0049F}.Debug|Any CPU.Build.0 = Debug|Any CPU
		{8550E378-229B-4F88-BBC4-A41C5FB0049F}.Release|Any CPU.ActiveCfg = Release|Any CPU
		{8550E378-229B-4F88-BBC4-A41C5FB0049F}.Release|Any CPU.Build.0 = Release|Any CPU
	EndGlobalSection
	GlobalSection(SolutionProperties) = preSolution
		HideSolutionNode = FALSE
	EndGlobalSection
	GlobalSection(ExtensibilityGlobals) = postSolution
		SolutionGuid = {CFA1E0F8-D954-4CBC-99BC-920D9A550201}
	EndGlobalSection
EndGlobal
